// !$*UTF8*$!
{
	archiveVersion = 1;
	classes = {
	};
	objectVersion = 56;
	objects = {

/* Begin PBXBuildFile section */
		9C0CA55B2B0000B300CC3762 /* Swiftable2023App.swift in Sources */ = {isa = PBXBuildFile; fileRef = 9C0CA55A2B0000B300CC3762 /* Swiftable2023App.swift */; };
		9C0CA55F2B0000B500CC3762 /* Assets.xcassets in Resources */ = {isa = PBXBuildFile; fileRef = 9C0CA55E2B0000B500CC3762 /* Assets.xcassets */; };
		9C0CA5622B0000B500CC3762 /* Preview Assets.xcassets in Resources */ = {isa = PBXBuildFile; fileRef = 9C0CA5612B0000B500CC3762 /* Preview Assets.xcassets */; };
		9C108A592B1A1F35004E15EB /* SimplePasswordValidatorTests.swift in Sources */ = {isa = PBXBuildFile; fileRef = 9C108A582B1A1F35004E15EB /* SimplePasswordValidatorTests.swift */; };
		9C108A5C2B1A2978004E15EB /* ResetPasswordViewModelTests.swift in Sources */ = {isa = PBXBuildFile; fileRef = 9C108A5B2B1A2978004E15EB /* ResetPasswordViewModelTests.swift */; };
		9C108A5E2B1A2AE0004E15EB /* RxBlocking in Frameworks */ = {isa = PBXBuildFile; productRef = 9C108A5D2B1A2AE0004E15EB /* RxBlocking */; };
		9C108A602B1A2AE2004E15EB /* RxTest in Frameworks */ = {isa = PBXBuildFile; productRef = 9C108A5F2B1A2AE2004E15EB /* RxTest */; };
		9C108A622B1A2CFC004E15EB /* RemotePasswordValidatorTests.swift in Sources */ = {isa = PBXBuildFile; fileRef = 9C108A612B1A2CFC004E15EB /* RemotePasswordValidatorTests.swift */; };
		9C108A652B1A2D51004E15EB /* StubPasswordValidator.swift in Sources */ = {isa = PBXBuildFile; fileRef = 9C108A642B1A2D51004E15EB /* StubPasswordValidator.swift */; };
		9C5BA73E2B003B45008604C1 /* PasswordValidator.swift in Sources */ = {isa = PBXBuildFile; fileRef = 9C5BA73D2B003B45008604C1 /* PasswordValidator.swift */; };
		9C5BA7402B003B79008604C1 /* ComplextPasswordValidatorTests.swift in Sources */ = {isa = PBXBuildFile; fileRef = 9C5BA73F2B003B79008604C1 /* ComplextPasswordValidatorTests.swift */; };
		9CF633192B1A09FC00008315 /* ResetPasswordViewModel.swift in Sources */ = {isa = PBXBuildFile; fileRef = 9CF633182B1A09FC00008315 /* ResetPasswordViewModel.swift */; };
		9CF6331B2B1A0A1200008315 /* ResetPasswordView.swift in Sources */ = {isa = PBXBuildFile; fileRef = 9CF6331A2B1A0A1200008315 /* ResetPasswordView.swift */; };
		9CF6331E2B1A0B6400008315 /* RxRelay in Frameworks */ = {isa = PBXBuildFile; productRef = 9CF6331D2B1A0B6400008315 /* RxRelay */; };
		9CF633202B1A0B6400008315 /* RxSwift in Frameworks */ = {isa = PBXBuildFile; productRef = 9CF6331F2B1A0B6400008315 /* RxSwift */; };
		9CF633232B1A0D0700008315 /* RxCocoa in Frameworks */ = {isa = PBXBuildFile; productRef = 9CF633222B1A0D0700008315 /* RxCocoa */; };
		9CF633262B1A0FA000008315 /* ComplexPasswordValidator.swift in Sources */ = {isa = PBXBuildFile; fileRef = 9CF633252B1A0FA000008315 /* ComplexPasswordValidator.swift */; };
		9CF633282B1A106F00008315 /* SimplePasswordValidator.swift in Sources */ = {isa = PBXBuildFile; fileRef = 9CF633272B1A106F00008315 /* SimplePasswordValidator.swift */; };
		9CF6332A2B1A107C00008315 /* RemotePasswordValidator.swift in Sources */ = {isa = PBXBuildFile; fileRef = 9CF633292B1A107C00008315 /* RemotePasswordValidator.swift */; };
/* End PBXBuildFile section */

/* Begin PBXContainerItemProxy section */
		9C0CA5682B0000B500CC3762 /* PBXContainerItemProxy */ = {
			isa = PBXContainerItemProxy;
			containerPortal = 9C0CA54F2B0000B300CC3762 /* Project object */;
			proxyType = 1;
			remoteGlobalIDString = 9C0CA5562B0000B300CC3762;
			remoteInfo = Swiftable2023;
		};
/* End PBXContainerItemProxy section */

/* Begin PBXFileReference section */
		9C0CA5572B0000B300CC3762 /* Swiftable2023.app */ = {isa = PBXFileReference; explicitFileType = wrapper.application; includeInIndex = 0; path = Swiftable2023.app; sourceTree = BUILT_PRODUCTS_DIR; };
		9C0CA55A2B0000B300CC3762 /* Swiftable2023App.swift */ = {isa = PBXFileReference; lastKnownFileType = sourcecode.swift; path = Swiftable2023App.swift; sourceTree = "<group>"; };
		9C0CA55E2B0000B500CC3762 /* Assets.xcassets */ = {isa = PBXFileReference; lastKnownFileType = folder.assetcatalog; path = Assets.xcassets; sourceTree = "<group>"; };
		9C0CA5612B0000B500CC3762 /* Preview Assets.xcassets */ = {isa = PBXFileReference; lastKnownFileType = folder.assetcatalog; path = "Preview Assets.xcassets"; sourceTree = "<group>"; };
		9C0CA5672B0000B500CC3762 /* Swiftable2023Tests.xctest */ = {isa = PBXFileReference; explicitFileType = wrapper.cfbundle; includeInIndex = 0; path = Swiftable2023Tests.xctest; sourceTree = BUILT_PRODUCTS_DIR; };
		9C108A582B1A1F35004E15EB /* SimplePasswordValidatorTests.swift */ = {isa = PBXFileReference; lastKnownFileType = sourcecode.swift; path = SimplePasswordValidatorTests.swift; sourceTree = "<group>"; };
		9C108A5B2B1A2978004E15EB /* ResetPasswordViewModelTests.swift */ = {isa = PBXFileReference; lastKnownFileType = sourcecode.swift; path = ResetPasswordViewModelTests.swift; sourceTree = "<group>"; };
		9C108A612B1A2CFC004E15EB /* RemotePasswordValidatorTests.swift */ = {isa = PBXFileReference; lastKnownFileType = sourcecode.swift; path = RemotePasswordValidatorTests.swift; sourceTree = "<group>"; };
		9C108A642B1A2D51004E15EB /* StubPasswordValidator.swift */ = {isa = PBXFileReference; lastKnownFileType = sourcecode.swift; path = StubPasswordValidator.swift; sourceTree = "<group>"; };
		9C5BA73D2B003B45008604C1 /* PasswordValidator.swift */ = {isa = PBXFileReference; lastKnownFileType = sourcecode.swift; path = PasswordValidator.swift; sourceTree = "<group>"; };
		9C5BA73F2B003B79008604C1 /* ComplextPasswordValidatorTests.swift */ = {isa = PBXFileReference; lastKnownFileType = sourcecode.swift; path = ComplextPasswordValidatorTests.swift; sourceTree = "<group>"; };
		9CC2EBF52B003DCA00562CD7 /* Swiftable2023.xctestplan */ = {isa = PBXFileReference; lastKnownFileType = text; path = Swiftable2023.xctestplan; sourceTree = "<group>"; };
		9CF633182B1A09FC00008315 /* ResetPasswordViewModel.swift */ = {isa = PBXFileReference; lastKnownFileType = sourcecode.swift; path = ResetPasswordViewModel.swift; sourceTree = "<group>"; };
		9CF6331A2B1A0A1200008315 /* ResetPasswordView.swift */ = {isa = PBXFileReference; lastKnownFileType = sourcecode.swift; path = ResetPasswordView.swift; sourceTree = "<group>"; };
		9CF633252B1A0FA000008315 /* ComplexPasswordValidator.swift */ = {isa = PBXFileReference; lastKnownFileType = sourcecode.swift; path = ComplexPasswordValidator.swift; sourceTree = "<group>"; };
		9CF633272B1A106F00008315 /* SimplePasswordValidator.swift */ = {isa = PBXFileReference; lastKnownFileType = sourcecode.swift; path = SimplePasswordValidator.swift; sourceTree = "<group>"; };
		9CF633292B1A107C00008315 /* RemotePasswordValidator.swift */ = {isa = PBXFileReference; lastKnownFileType = sourcecode.swift; path = RemotePasswordValidator.swift; sourceTree = "<group>"; };
/* End PBXFileReference section */

/* Begin PBXFrameworksBuildPhase section */
		9C0CA5542B0000B300CC3762 /* Frameworks */ = {
			isa = PBXFrameworksBuildPhase;
			buildActionMask = 2147483647;
			files = (
				9CF633232B1A0D0700008315 /* RxCocoa in Frameworks */,
				9CF633202B1A0B6400008315 /* RxSwift in Frameworks */,
				9CF6331E2B1A0B6400008315 /* RxRelay in Frameworks */,
			);
			runOnlyForDeploymentPostprocessing = 0;
		};
		9C0CA5642B0000B500CC3762 /* Frameworks */ = {
			isa = PBXFrameworksBuildPhase;
			buildActionMask = 2147483647;
			files = (
				9C108A602B1A2AE2004E15EB /* RxTest in Frameworks */,
				9C108A5E2B1A2AE0004E15EB /* RxBlocking in Frameworks */,
			);
			runOnlyForDeploymentPostprocessing = 0;
		};
/* End PBXFrameworksBuildPhase section */

/* Begin PBXGroup section */
		9C0CA54E2B0000B300CC3762 = {
			isa = PBXGroup;
			children = (
				9CC2EBF52B003DCA00562CD7 /* Swiftable2023.xctestplan */,
				9C0CA5592B0000B300CC3762 /* Swiftable2023 */,
				9C0CA56A2B0000B500CC3762 /* Swiftable2023Tests */,
				9C0CA5582B0000B300CC3762 /* Products */,
				9CF633212B1A0D0700008315 /* Frameworks */,
			);
			sourceTree = "<group>";
		};
		9C0CA5582B0000B300CC3762 /* Products */ = {
			isa = PBXGroup;
			children = (
				9C0CA5572B0000B300CC3762 /* Swiftable2023.app */,
				9C0CA5672B0000B500CC3762 /* Swiftable2023Tests.xctest */,
			);
			name = Products;
			sourceTree = "<group>";
		};
		9C0CA5592B0000B300CC3762 /* Swiftable2023 */ = {
			isa = PBXGroup;
			children = (
				9CF633162B1A09B800008315 /* Features */,
				9C0CA58A2B0023AA00CC3762 /* Validators */,
				9C0CA55A2B0000B300CC3762 /* Swiftable2023App.swift */,
				9C0CA55E2B0000B500CC3762 /* Assets.xcassets */,
				9C0CA5602B0000B500CC3762 /* Preview Content */,
			);
			path = Swiftable2023;
			sourceTree = "<group>";
		};
		9C0CA5602B0000B500CC3762 /* Preview Content */ = {
			isa = PBXGroup;
			children = (
				9C0CA5612B0000B500CC3762 /* Preview Assets.xcassets */,
			);
			path = "Preview Content";
			sourceTree = "<group>";
		};
		9C0CA56A2B0000B500CC3762 /* Swiftable2023Tests */ = {
			isa = PBXGroup;
			children = (
				9C108A632B1A2D40004E15EB /* TestDoubles */,
				9C108A5A2B1A296A004E15EB /* Features */,
				9C0CA58D2B0024AE00CC3762 /* Validators */,
			);
			path = Swiftable2023Tests;
			sourceTree = "<group>";
		};
		9C0CA58A2B0023AA00CC3762 /* Validators */ = {
			isa = PBXGroup;
			children = (
				9CF633242B1A0F7D00008315 /* Implementations */,
				9C5BA73D2B003B45008604C1 /* PasswordValidator.swift */,
			);
			path = Validators;
			sourceTree = "<group>";
		};
		9C0CA58D2B0024AE00CC3762 /* Validators */ = {
			isa = PBXGroup;
			children = (
				9C5BA73F2B003B79008604C1 /* ComplextPasswordValidatorTests.swift */,
				9C108A582B1A1F35004E15EB /* SimplePasswordValidatorTests.swift */,
				9C108A612B1A2CFC004E15EB /* RemotePasswordValidatorTests.swift */,
			);
			path = Validators;
			sourceTree = "<group>";
		};
		9C108A5A2B1A296A004E15EB /* Features */ = {
			isa = PBXGroup;
			children = (
				9C108A5B2B1A2978004E15EB /* ResetPasswordViewModelTests.swift */,
			);
			path = Features;
			sourceTree = "<group>";
		};
		9C108A632B1A2D40004E15EB /* TestDoubles */ = {
			isa = PBXGroup;
			children = (
				9C108A642B1A2D51004E15EB /* StubPasswordValidator.swift */,
			);
			path = TestDoubles;
			sourceTree = "<group>";
		};
		9CF633162B1A09B800008315 /* Features */ = {
			isa = PBXGroup;
			children = (
				9CF633172B1A09CE00008315 /* ResetPassword */,
			);
			path = Features;
			sourceTree = "<group>";
		};
		9CF633172B1A09CE00008315 /* ResetPassword */ = {
			isa = PBXGroup;
			children = (
				9CF633182B1A09FC00008315 /* ResetPasswordViewModel.swift */,
				9CF6331A2B1A0A1200008315 /* ResetPasswordView.swift */,
			);
			path = ResetPassword;
			sourceTree = "<group>";
		};
		9CF633212B1A0D0700008315 /* Frameworks */ = {
			isa = PBXGroup;
			children = (
			);
			name = Frameworks;
			sourceTree = "<group>";
		};
		9CF633242B1A0F7D00008315 /* Implementations */ = {
			isa = PBXGroup;
			children = (
				9CF633252B1A0FA000008315 /* ComplexPasswordValidator.swift */,
				9CF633272B1A106F00008315 /* SimplePasswordValidator.swift */,
				9CF633292B1A107C00008315 /* RemotePasswordValidator.swift */,
			);
			path = Implementations;
			sourceTree = "<group>";
		};
/* End PBXGroup section */

/* Begin PBXNativeTarget section */
		9C0CA5562B0000B300CC3762 /* Swiftable2023 */ = {
			isa = PBXNativeTarget;
			buildConfigurationList = 9C0CA57B2B0000B500CC3762 /* Build configuration list for PBXNativeTarget "Swiftable2023" */;
			buildPhases = (
				9C0CA5532B0000B300CC3762 /* Sources */,
				9C0CA5542B0000B300CC3762 /* Frameworks */,
				9C0CA5552B0000B300CC3762 /* Resources */,
			);
			buildRules = (
			);
			dependencies = (
			);
			name = Swiftable2023;
			packageProductDependencies = (
				9CF6331D2B1A0B6400008315 /* RxRelay */,
				9CF6331F2B1A0B6400008315 /* RxSwift */,
				9CF633222B1A0D0700008315 /* RxCocoa */,
			);
			productName = Swiftable2023;
			productReference = 9C0CA5572B0000B300CC3762 /* Swiftable2023.app */;
			productType = "com.apple.product-type.application";
		};
		9C0CA5662B0000B500CC3762 /* Swiftable2023Tests */ = {
			isa = PBXNativeTarget;
			buildConfigurationList = 9C0CA57E2B0000B500CC3762 /* Build configuration list for PBXNativeTarget "Swiftable2023Tests" */;
			buildPhases = (
				9C0CA5632B0000B500CC3762 /* Sources */,
				9C0CA5642B0000B500CC3762 /* Frameworks */,
				9C0CA5652B0000B500CC3762 /* Resources */,
			);
			buildRules = (
			);
			dependencies = (
				9C0CA5692B0000B500CC3762 /* PBXTargetDependency */,
			);
			name = Swiftable2023Tests;
			packageProductDependencies = (
				9C108A5D2B1A2AE0004E15EB /* RxBlocking */,
				9C108A5F2B1A2AE2004E15EB /* RxTest */,
			);
			productName = Swiftable2023Tests;
			productReference = 9C0CA5672B0000B500CC3762 /* Swiftable2023Tests.xctest */;
			productType = "com.apple.product-type.bundle.unit-test";
		};
/* End PBXNativeTarget section */

/* Begin PBXProject section */
		9C0CA54F2B0000B300CC3762 /* Project object */ = {
			isa = PBXProject;
			attributes = {
				BuildIndependentTargetsInParallel = 1;
				LastSwiftUpdateCheck = 1500;
				LastUpgradeCheck = 1500;
				TargetAttributes = {
					9C0CA5562B0000B300CC3762 = {
						CreatedOnToolsVersion = 15.0.1;
					};
					9C0CA5662B0000B500CC3762 = {
						CreatedOnToolsVersion = 15.0.1;
						TestTargetID = 9C0CA5562B0000B300CC3762;
					};
				};
			};
			buildConfigurationList = 9C0CA5522B0000B300CC3762 /* Build configuration list for PBXProject "Swiftable2023" */;
			compatibilityVersion = "Xcode 14.0";
			developmentRegion = en;
			hasScannedForEncodings = 0;
			knownRegions = (
				en,
				Base,
			);
			mainGroup = 9C0CA54E2B0000B300CC3762;
			packageReferences = (
				9CF6331C2B1A0B6400008315 /* XCRemoteSwiftPackageReference "RxSwift" */,
			);
			productRefGroup = 9C0CA5582B0000B300CC3762 /* Products */;
			projectDirPath = "";
			projectRoot = "";
			targets = (
				9C0CA5562B0000B300CC3762 /* Swiftable2023 */,
				9C0CA5662B0000B500CC3762 /* Swiftable2023Tests */,
			);
		};
/* End PBXProject section */

/* Begin PBXResourcesBuildPhase section */
		9C0CA5552B0000B300CC3762 /* Resources */ = {
			isa = PBXResourcesBuildPhase;
			buildActionMask = 2147483647;
			files = (
				9C0CA5622B0000B500CC3762 /* Preview Assets.xcassets in Resources */,
				9C0CA55F2B0000B500CC3762 /* Assets.xcassets in Resources */,
			);
			runOnlyForDeploymentPostprocessing = 0;
		};
		9C0CA5652B0000B500CC3762 /* Resources */ = {
			isa = PBXResourcesBuildPhase;
			buildActionMask = 2147483647;
			files = (
			);
			runOnlyForDeploymentPostprocessing = 0;
		};
/* End PBXResourcesBuildPhase section */

/* Begin PBXSourcesBuildPhase section */
		9C0CA5532B0000B300CC3762 /* Sources */ = {
			isa = PBXSourcesBuildPhase;
			buildActionMask = 2147483647;
			files = (
				9CF633192B1A09FC00008315 /* ResetPasswordViewModel.swift in Sources */,
				9C5BA73E2B003B45008604C1 /* PasswordValidator.swift in Sources */,
				9CF633262B1A0FA000008315 /* ComplexPasswordValidator.swift in Sources */,
				9CF6331B2B1A0A1200008315 /* ResetPasswordView.swift in Sources */,
				9CF6332A2B1A107C00008315 /* RemotePasswordValidator.swift in Sources */,
				9C0CA55B2B0000B300CC3762 /* Swiftable2023App.swift in Sources */,
				9CF633282B1A106F00008315 /* SimplePasswordValidator.swift in Sources */,
			);
			runOnlyForDeploymentPostprocessing = 0;
		};
		9C0CA5632B0000B500CC3762 /* Sources */ = {
			isa = PBXSourcesBuildPhase;
			buildActionMask = 2147483647;
			files = (
				9C5BA7402B003B79008604C1 /* ComplextPasswordValidatorTests.swift in Sources */,
				9C108A622B1A2CFC004E15EB /* RemotePasswordValidatorTests.swift in Sources */,
				9C108A592B1A1F35004E15EB /* SimplePasswordValidatorTests.swift in Sources */,
				9C108A652B1A2D51004E15EB /* StubPasswordValidator.swift in Sources */,
				9C108A5C2B1A2978004E15EB /* ResetPasswordViewModelTests.swift in Sources */,
			);
			runOnlyForDeploymentPostprocessing = 0;
		};
/* End PBXSourcesBuildPhase section */

/* Begin PBXTargetDependency section */
		9C0CA5692B0000B500CC3762 /* PBXTargetDependency */ = {
			isa = PBXTargetDependency;
			target = 9C0CA5562B0000B300CC3762 /* Swiftable2023 */;
			targetProxy = 9C0CA5682B0000B500CC3762 /* PBXContainerItemProxy */;
		};
/* End PBXTargetDependency section */

/* Begin XCBuildConfiguration section */
		9C0CA5792B0000B500CC3762 /* Debug */ = {
			isa = XCBuildConfiguration;
			buildSettings = {
				ALWAYS_SEARCH_USER_PATHS = NO;
				ASSETCATALOG_COMPILER_GENERATE_SWIFT_ASSET_SYMBOL_EXTENSIONS = YES;
				CLANG_ANALYZER_NONNULL = YES;
				CLANG_ANALYZER_NUMBER_OBJECT_CONVERSION = YES_AGGRESSIVE;
				CLANG_CXX_LANGUAGE_STANDARD = "gnu++20";
				CLANG_ENABLE_MODULES = YES;
				CLANG_ENABLE_OBJC_ARC = YES;
				CLANG_ENABLE_OBJC_WEAK = YES;
				CLANG_WARN_BLOCK_CAPTURE_AUTORELEASING = YES;
				CLANG_WARN_BOOL_CONVERSION = YES;
				CLANG_WARN_COMMA = YES;
				CLANG_WARN_CONSTANT_CONVERSION = YES;
				CLANG_WARN_DEPRECATED_OBJC_IMPLEMENTATIONS = YES;
				CLANG_WARN_DIRECT_OBJC_ISA_USAGE = YES_ERROR;
				CLANG_WARN_DOCUMENTATION_COMMENTS = YES;
				CLANG_WARN_EMPTY_BODY = YES;
				CLANG_WARN_ENUM_CONVERSION = YES;
				CLANG_WARN_INFINITE_RECURSION = YES;
				CLANG_WARN_INT_CONVERSION = YES;
				CLANG_WARN_NON_LITERAL_NULL_CONVERSION = YES;
				CLANG_WARN_OBJC_IMPLICIT_RETAIN_SELF = YES;
				CLANG_WARN_OBJC_LITERAL_CONVERSION = YES;
				CLANG_WARN_OBJC_ROOT_CLASS = YES_ERROR;
				CLANG_WARN_QUOTED_INCLUDE_IN_FRAMEWORK_HEADER = YES;
				CLANG_WARN_RANGE_LOOP_ANALYSIS = YES;
				CLANG_WARN_STRICT_PROTOTYPES = YES;
				CLANG_WARN_SUSPICIOUS_MOVE = YES;
				CLANG_WARN_UNGUARDED_AVAILABILITY = YES_AGGRESSIVE;
				CLANG_WARN_UNREACHABLE_CODE = YES;
				CLANG_WARN__DUPLICATE_METHOD_MATCH = YES;
				COPY_PHASE_STRIP = NO;
				DEBUG_INFORMATION_FORMAT = dwarf;
				ENABLE_STRICT_OBJC_MSGSEND = YES;
				ENABLE_TESTABILITY = YES;
				ENABLE_USER_SCRIPT_SANDBOXING = YES;
				GCC_C_LANGUAGE_STANDARD = gnu17;
				GCC_DYNAMIC_NO_PIC = NO;
				GCC_NO_COMMON_BLOCKS = YES;
				GCC_OPTIMIZATION_LEVEL = 0;
				GCC_PREPROCESSOR_DEFINITIONS = (
					"DEBUG=1",
					"$(inherited)",
				);
				GCC_WARN_64_TO_32_BIT_CONVERSION = YES;
				GCC_WARN_ABOUT_RETURN_TYPE = YES_ERROR;
				GCC_WARN_UNDECLARED_SELECTOR = YES;
				GCC_WARN_UNINITIALIZED_AUTOS = YES_AGGRESSIVE;
				GCC_WARN_UNUSED_FUNCTION = YES;
				GCC_WARN_UNUSED_VARIABLE = YES;
				IPHONEOS_DEPLOYMENT_TARGET = 17.0;
				LOCALIZATION_PREFERS_STRING_CATALOGS = YES;
				MTL_ENABLE_DEBUG_INFO = INCLUDE_SOURCE;
				MTL_FAST_MATH = YES;
				ONLY_ACTIVE_ARCH = YES;
				SDKROOT = iphoneos;
				SWIFT_ACTIVE_COMPILATION_CONDITIONS = "DEBUG $(inherited)";
				SWIFT_OPTIMIZATION_LEVEL = "-Onone";
			};
			name = Debug;
		};
		9C0CA57A2B0000B500CC3762 /* Release */ = {
			isa = XCBuildConfiguration;
			buildSettings = {
				ALWAYS_SEARCH_USER_PATHS = NO;
				ASSETCATALOG_COMPILER_GENERATE_SWIFT_ASSET_SYMBOL_EXTENSIONS = YES;
				CLANG_ANALYZER_NONNULL = YES;
				CLANG_ANALYZER_NUMBER_OBJECT_CONVERSION = YES_AGGRESSIVE;
				CLANG_CXX_LANGUAGE_STANDARD = "gnu++20";
				CLANG_ENABLE_MODULES = YES;
				CLANG_ENABLE_OBJC_ARC = YES;
				CLANG_ENABLE_OBJC_WEAK = YES;
				CLANG_WARN_BLOCK_CAPTURE_AUTORELEASING = YES;
				CLANG_WARN_BOOL_CONVERSION = YES;
				CLANG_WARN_COMMA = YES;
				CLANG_WARN_CONSTANT_CONVERSION = YES;
				CLANG_WARN_DEPRECATED_OBJC_IMPLEMENTATIONS = YES;
				CLANG_WARN_DIRECT_OBJC_ISA_USAGE = YES_ERROR;
				CLANG_WARN_DOCUMENTATION_COMMENTS = YES;
				CLANG_WARN_EMPTY_BODY = YES;
				CLANG_WARN_ENUM_CONVERSION = YES;
				CLANG_WARN_INFINITE_RECURSION = YES;
				CLANG_WARN_INT_CONVERSION = YES;
				CLANG_WARN_NON_LITERAL_NULL_CONVERSION = YES;
				CLANG_WARN_OBJC_IMPLICIT_RETAIN_SELF = YES;
				CLANG_WARN_OBJC_LITERAL_CONVERSION = YES;
				CLANG_WARN_OBJC_ROOT_CLASS = YES_ERROR;
				CLANG_WARN_QUOTED_INCLUDE_IN_FRAMEWORK_HEADER = YES;
				CLANG_WARN_RANGE_LOOP_ANALYSIS = YES;
				CLANG_WARN_STRICT_PROTOTYPES = YES;
				CLANG_WARN_SUSPICIOUS_MOVE = YES;
				CLANG_WARN_UNGUARDED_AVAILABILITY = YES_AGGRESSIVE;
				CLANG_WARN_UNREACHABLE_CODE = YES;
				CLANG_WARN__DUPLICATE_METHOD_MATCH = YES;
				COPY_PHASE_STRIP = NO;
				DEBUG_INFORMATION_FORMAT = "dwarf-with-dsym";
				ENABLE_NS_ASSERTIONS = NO;
				ENABLE_STRICT_OBJC_MSGSEND = YES;
				ENABLE_USER_SCRIPT_SANDBOXING = YES;
				GCC_C_LANGUAGE_STANDARD = gnu17;
				GCC_NO_COMMON_BLOCKS = YES;
				GCC_WARN_64_TO_32_BIT_CONVERSION = YES;
				GCC_WARN_ABOUT_RETURN_TYPE = YES_ERROR;
				GCC_WARN_UNDECLARED_SELECTOR = YES;
				GCC_WARN_UNINITIALIZED_AUTOS = YES_AGGRESSIVE;
				GCC_WARN_UNUSED_FUNCTION = YES;
				GCC_WARN_UNUSED_VARIABLE = YES;
				IPHONEOS_DEPLOYMENT_TARGET = 17.0;
				LOCALIZATION_PREFERS_STRING_CATALOGS = YES;
				MTL_ENABLE_DEBUG_INFO = NO;
				MTL_FAST_MATH = YES;
				SDKROOT = iphoneos;
				SWIFT_COMPILATION_MODE = wholemodule;
				VALIDATE_PRODUCT = YES;
			};
			name = Release;
		};
		9C0CA57C2B0000B500CC3762 /* Debug */ = {
			isa = XCBuildConfiguration;
			buildSettings = {
				ASSETCATALOG_COMPILER_APPICON_NAME = AppIcon;
				ASSETCATALOG_COMPILER_GLOBAL_ACCENT_COLOR_NAME = AccentColor;
				CODE_SIGN_STYLE = Automatic;
				CURRENT_PROJECT_VERSION = 1;
				DEVELOPMENT_ASSET_PATHS = "\"Swiftable2023/Preview Content\"";
				DEVELOPMENT_TEAM = 657BERDP29;
				ENABLE_PREVIEWS = YES;
				GENERATE_INFOPLIST_FILE = YES;
				INFOPLIST_KEY_UIApplicationSceneManifest_Generation = YES;
				INFOPLIST_KEY_UIApplicationSupportsIndirectInputEvents = YES;
				INFOPLIST_KEY_UILaunchScreen_Generation = YES;
				INFOPLIST_KEY_UISupportedInterfaceOrientations_iPad = "UIInterfaceOrientationPortrait UIInterfaceOrientationPortraitUpsideDown UIInterfaceOrientationLandscapeLeft UIInterfaceOrientationLandscapeRight";
				INFOPLIST_KEY_UISupportedInterfaceOrientations_iPhone = "UIInterfaceOrientationPortrait UIInterfaceOrientationLandscapeLeft UIInterfaceOrientationLandscapeRight";
				LD_RUNPATH_SEARCH_PATHS = (
					"$(inherited)",
					"@executable_path/Frameworks",
				);
				MARKETING_VERSION = 1.0;
				PRODUCT_BUNDLE_IDENTIFIER = com.busico.Swiftable2023;
				PRODUCT_NAME = "$(TARGET_NAME)";
				SWIFT_EMIT_LOC_STRINGS = YES;
				SWIFT_VERSION = 5.0;
				TARGETED_DEVICE_FAMILY = "1,2";
			};
			name = Debug;
		};
		9C0CA57D2B0000B500CC3762 /* Release */ = {
			isa = XCBuildConfiguration;
			buildSettings = {
				ASSETCATALOG_COMPILER_APPICON_NAME = AppIcon;
				ASSETCATALOG_COMPILER_GLOBAL_ACCENT_COLOR_NAME = AccentColor;
				CODE_SIGN_STYLE = Automatic;
				CURRENT_PROJECT_VERSION = 1;
				DEVELOPMENT_ASSET_PATHS = "\"Swiftable2023/Preview Content\"";
				DEVELOPMENT_TEAM = 657BERDP29;
				ENABLE_PREVIEWS = YES;
				GENERATE_INFOPLIST_FILE = YES;
				INFOPLIST_KEY_UIApplicationSceneManifest_Generation = YES;
				INFOPLIST_KEY_UIApplicationSupportsIndirectInputEvents = YES;
				INFOPLIST_KEY_UILaunchScreen_Generation = YES;
				INFOPLIST_KEY_UISupportedInterfaceOrientations_iPad = "UIInterfaceOrientationPortrait UIInterfaceOrientationPortraitUpsideDown UIInterfaceOrientationLandscapeLeft UIInterfaceOrientationLandscapeRight";
				INFOPLIST_KEY_UISupportedInterfaceOrientations_iPhone = "UIInterfaceOrientationPortrait UIInterfaceOrientationLandscapeLeft UIInterfaceOrientationLandscapeRight";
				LD_RUNPATH_SEARCH_PATHS = (
					"$(inherited)",
					"@executable_path/Frameworks",
				);
				MARKETING_VERSION = 1.0;
				PRODUCT_BUNDLE_IDENTIFIER = com.busico.Swiftable2023;
				PRODUCT_NAME = "$(TARGET_NAME)";
				SWIFT_EMIT_LOC_STRINGS = YES;
				SWIFT_VERSION = 5.0;
				TARGETED_DEVICE_FAMILY = "1,2";
			};
			name = Release;
		};
		9C0CA57F2B0000B500CC3762 /* Debug */ = {
			isa = XCBuildConfiguration;
			buildSettings = {
				ALWAYS_EMBED_SWIFT_STANDARD_LIBRARIES = YES;
				BUNDLE_LOADER = "$(TEST_HOST)";
				CODE_SIGN_STYLE = Automatic;
				CURRENT_PROJECT_VERSION = 1;
				DEVELOPMENT_TEAM = 657BERDP29;
				GENERATE_INFOPLIST_FILE = YES;
				IPHONEOS_DEPLOYMENT_TARGET = 17.0;
				MARKETING_VERSION = 1.0;
				PRODUCT_BUNDLE_IDENTIFIER = com.busico.Swiftable2023Tests;
				PRODUCT_NAME = "$(TARGET_NAME)";
				SWIFT_EMIT_LOC_STRINGS = NO;
				SWIFT_VERSION = 5.0;
				TARGETED_DEVICE_FAMILY = "1,2";
				TEST_HOST = "$(BUILT_PRODUCTS_DIR)/Swiftable2023.app/$(BUNDLE_EXECUTABLE_FOLDER_PATH)/Swiftable2023";
			};
			name = Debug;
		};
		9C0CA5802B0000B500CC3762 /* Release */ = {
			isa = XCBuildConfiguration;
			buildSettings = {
				ALWAYS_EMBED_SWIFT_STANDARD_LIBRARIES = YES;
				BUNDLE_LOADER = "$(TEST_HOST)";
				CODE_SIGN_STYLE = Automatic;
				CURRENT_PROJECT_VERSION = 1;
				DEVELOPMENT_TEAM = 657BERDP29;
				GENERATE_INFOPLIST_FILE = YES;
				IPHONEOS_DEPLOYMENT_TARGET = 17.0;
				MARKETING_VERSION = 1.0;
				PRODUCT_BUNDLE_IDENTIFIER = com.busico.Swiftable2023Tests;
				PRODUCT_NAME = "$(TARGET_NAME)";
				SWIFT_EMIT_LOC_STRINGS = NO;
				SWIFT_VERSION = 5.0;
				TARGETED_DEVICE_FAMILY = "1,2";
				TEST_HOST = "$(BUILT_PRODUCTS_DIR)/Swiftable2023.app/$(BUNDLE_EXECUTABLE_FOLDER_PATH)/Swiftable2023";
			};
			name = Release;
		};
/* End XCBuildConfiguration section */

/* Begin XCConfigurationList section */
		9C0CA5522B0000B300CC3762 /* Build configuration list for PBXProject "Swiftable2023" */ = {
			isa = XCConfigurationList;
			buildConfigurations = (
				9C0CA5792B0000B500CC3762 /* Debug */,
				9C0CA57A2B0000B500CC3762 /* Release */,
			);
			defaultConfigurationIsVisible = 0;
			defaultConfigurationName = Release;
		};
		9C0CA57B2B0000B500CC3762 /* Build configuration list for PBXNativeTarget "Swiftable2023" */ = {
			isa = XCConfigurationList;
			buildConfigurations = (
				9C0CA57C2B0000B500CC3762 /* Debug */,
				9C0CA57D2B0000B500CC3762 /* Release */,
			);
			defaultConfigurationIsVisible = 0;
			defaultConfigurationName = Release;
		};
		9C0CA57E2B0000B500CC3762 /* Build configuration list for PBXNativeTarget "Swiftable2023Tests" */ = {
			isa = XCConfigurationList;
			buildConfigurations = (
				9C0CA57F2B0000B500CC3762 /* Debug */,
				9C0CA5802B0000B500CC3762 /* Release */,
			);
			defaultConfigurationIsVisible = 0;
			defaultConfigurationName = Release;
		};
/* End XCConfigurationList section */

/* Begin XCRemoteSwiftPackageReference section */
		9CF6331C2B1A0B6400008315 /* XCRemoteSwiftPackageReference "RxSwift" */ = {
			isa = XCRemoteSwiftPackageReference;
			repositoryURL = "https://github.com/ReactiveX/RxSwift";
			requirement = {
				kind = upToNextMajorVersion;
				minimumVersion = 6.6.0;
			};
		};
/* End XCRemoteSwiftPackageReference section */

/* Begin XCSwiftPackageProductDependency section */
		9C108A5D2B1A2AE0004E15EB /* RxBlocking */ = {
			isa = XCSwiftPackageProductDependency;
			package = 9CF6331C2B1A0B6400008315 /* XCRemoteSwiftPackageReference "RxSwift" */;
			productName = RxBlocking;
		};
		9C108A5F2B1A2AE2004E15EB /* RxTest */ = {
			isa = XCSwiftPackageProductDependency;
			package = 9CF6331C2B1A0B6400008315 /* XCRemoteSwiftPackageReference "RxSwift" */;
			productName = RxTest;
		};
		9CF6331D2B1A0B6400008315 /* RxRelay */ = {
			isa = XCSwiftPackageProductDependency;
			package = 9CF6331C2B1A0B6400008315 /* XCRemoteSwiftPackageReference "RxSwift" */;
			productName = RxRelay;
		};
		9CF6331F2B1A0B6400008315 /* RxSwift */ = {
			isa = XCSwiftPackageProductDependency;
			package = 9CF6331C2B1A0B6400008315 /* XCRemoteSwiftPackageReference "RxSwift" */;
			productName = RxSwift;
		};
		9CF633222B1A0D0700008315 /* RxCocoa */ = {
			isa = XCSwiftPackageProductDependency;
			package = 9CF6331C2B1A0B6400008315 /* XCRemoteSwiftPackageReference "RxSwift" */;
			productName = RxCocoa;
		};
/* End XCSwiftPackageProductDependency section */
	};
	rootObject = 9C0CA54F2B0000B300CC3762 /* Project object */;
}
